<?xml version="1.0" encoding="utf-8"?>
<Project ToolsVersion="4.0" xmlns="http://schemas.microsoft.com/developer/msbuild/2003">
  <ItemGroup>
    <Filter Include="Source Files">
      <UniqueIdentifier>{4FC737F1-C7A5-4376-A066-2A32D752A2FF}</UniqueIdentifier>
      <Extensions>cpp;c;cc;cxx;def;odl;idl;hpj;bat;asm;asmx</Extensions>
    </Filter>
    <Filter Include="Header Files">
      <UniqueIdentifier>{93995380-89BD-4b04-88EB-625FBE52EBFB}</UniqueIdentifier>
      <Extensions>h;hh;hpp;hxx;hm;inl;inc;xsd</Extensions>
    </Filter>
    <Filter Include="Resource Files">
      <UniqueIdentifier>{67DA6AB6-F800-4c08-8B7A-83BB121AAD01}</UniqueIdentifier>
      <Extensions>rc;ico;cur;bmp;dlg;rc2;rct;bin;rgs;gif;jpg;jpeg;jpe;resx;tiff;tif;png;wav;mfcribbon-ms</Extensions>
    </Filter>
  </ItemGroup>
  <ItemGroup>
    <Text Include="ReadMe.txt" />
  </ItemGroup>
  <ItemGroup>
    <ClInclude Include="stdafx.h">
      <Filter>Header Files</Filter>
    </ClInclude>
    <ClInclude Include="targetver.h">
      <Filter>Header Files</Filter>
    </ClInclude>
    <ClInclude Include="common_includes.h">
      <Filter>Header Files</Filter>
    </ClInclude>
    <ClInclude Include="common_driver.h">
      <Filter>Header Files</Filter>
    </ClInclude>
    <ClInclude Include="common_structs.h">
      <Filter>Header Files</Filter>
    </ClInclude>
    <ClInclude Include="common_utils.h">
      <Filter>Header Files</Filter>
    </ClInclude>
    <ClInclude Include="..\Utilities\utilities.h">
      <Filter>Header Files</Filter>
    </ClInclude>
  </ItemGroup>
  <ItemGroup>
    <ClCompile Include="stdafx.cpp">
      <Filter>Source Files</Filter>
    </ClCompile>
    <ClCompile Include="Leet.cpp">
      <Filter>Source Files</Filter>
    </ClCompile>
    <ClCompile Include="36_valid_sudoku.cpp">
      <Filter>Source Files</Filter>
    </ClCompile>
    <ClCompile Include="125_valid_palindrome.cpp">
      <Filter>Source Files</Filter>
    </ClCompile>
    <ClCompile Include="234_palindrome_linked_list.cpp">
      <Filter>Source Files</Filter>
    </ClCompile>
    <ClCompile Include="172_trailing_zeros_in_factorial.cpp">
      <Filter>Source Files</Filter>
    </ClCompile>
    <ClCompile Include="189_rotate_array.cpp">
      <Filter>Source Files</Filter>
    </ClCompile>
    <ClCompile Include="common_utils.cpp">
      <Filter>Source Files</Filter>
    </ClCompile>
    <ClCompile Include="61_rotate_list.cpp">
      <Filter>Source Files</Filter>
    </ClCompile>
    <ClCompile Include="153_minimum_in_sortd_rotated_array.cpp">
      <Filter>Source Files</Filter>
    </ClCompile>
    <ClCompile Include="23_merge_k_sorted_lists.cpp">
      <Filter>Source Files</Filter>
    </ClCompile>
    <ClCompile Include="66_plus_one.cpp">
      <Filter>Source Files</Filter>
    </ClCompile>
    <ClCompile Include="200_number_of_islands.cpp">
      <Filter>Source Files</Filter>
    </ClCompile>
    <ClCompile Include="387_first_unique_character_in_a_string.cpp">
      <Filter>Source Files</Filter>
    </ClCompile>
    <ClCompile Include="150_evaluate_reverse_polish_notation.cpp">
      <Filter>Source Files</Filter>
    </ClCompile>
    <ClCompile Include="..\Utilities\utilities.cpp">
      <Filter>Source Files</Filter>
    </ClCompile>
    <ClCompile Include="475_heaters.cpp">
      <Filter>Source Files</Filter>
    </ClCompile>
    <ClCompile Include="468_validate_IP_address.cpp">
      <Filter>Source Files</Filter>
    </ClCompile>
    <ClCompile Include="307_range_sum_query_mutable.cpp">
      <Filter>Source Files</Filter>
    </ClCompile>
    <ClCompile Include="3_longest_substring_without_repeating_characters.cpp">
      <Filter>Source Files</Filter>
    </ClCompile>
    <ClCompile Include="438_find_all_anagrams_in_a_string.cpp">
      <Filter>Source Files</Filter>
    </ClCompile>
    <ClCompile Include="242_valid_anagram.cpp">
      <Filter>Source Files</Filter>
    </ClCompile>
    <ClCompile Include="461_hamming_distance.cpp">
      <Filter>Source Files</Filter>
    </ClCompile>
    <ClCompile Include="76_minimum_window_substring.cpp">
      <Filter>Source Files</Filter>
    </ClCompile>
    <ClCompile Include="566_reshape_the_matrix.cpp">
      <Filter>Source Files</Filter>
    </ClCompile>
    <ClCompile Include="561_array_partition_1.cpp">
      <Filter>Source Files</Filter>
    </ClCompile>
    <ClCompile Include="30_substring_with_concatenation_of_all_words.cpp">
      <Filter>Source Files</Filter>
    </ClCompile>
    <ClCompile Include="5_longest_palindromic_substring.cpp">
      <Filter>Source Files</Filter>
    </ClCompile>
    <ClCompile Include="130_surrounded_regions.cpp">
      <Filter>Source Files</Filter>
    </ClCompile>
    <ClCompile Include="35_search_insert_position.cpp">
      <Filter>Source Files</Filter>
    </ClCompile>
    <ClCompile Include="34_search_for_a_range.cpp">
      <Filter>Source Files</Filter>
    </ClCompile>
    <ClCompile Include="46_permutations.cpp">
      <Filter>Source Files</Filter>
    </ClCompile>
    <ClCompile Include="47_permutations_2.cpp">
      <Filter>Source Files</Filter>
    </ClCompile>
    <ClCompile Include="78_subsets.cpp">
      <Filter>Source Files</Filter>
    </ClCompile>
    <ClCompile Include="90_subsets-2.cpp">
      <Filter>Source Files</Filter>
    </ClCompile>
    <ClCompile Include="88_merge_sorted_array.cpp">
      <Filter>Source Files</Filter>
    </ClCompile>
    <ClCompile Include="237_delete_node_in_a_linked_list.cpp">
      <Filter>Source Files</Filter>
    </ClCompile>
    <ClCompile Include="11_container_with_most_water.cpp">
      <Filter>Source Files</Filter>
    </ClCompile>
    <ClCompile Include="63_unique_paths_2.cpp">
      <Filter>Source Files</Filter>
    </ClCompile>
    <ClCompile Include="112_path_sum_2.cpp">
      <Filter>Source Files</Filter>
    </ClCompile>
    <ClCompile Include="160_intersection_of_two_linked_lists.cpp">
      <Filter>Source Files</Filter>
    </ClCompile>
    <ClCompile Include="109_convert_sorted_list_to_binary_search_tree.cpp">
      <Filter>Source Files</Filter>
    </ClCompile>
  </ItemGroup>
</Project>